
Microsoft Visual Studio Solution File, Format Version 12.00
# Visual Studio 15
VisualStudioVersion = 15.0.27703.2042
MinimumVisualStudioVersion = 10.0.40219.1
Project("{FAE04EC0-301F-11D3-BF4B-00C04F79EFBC}") = "PIWEBAPI_ChannelsExample", "PIWEBAPI_ChannelsExample\PIWEBAPI_ChannelsExample.csproj", "{DC473B53-AC83-4A5D-B471-AA4193232B18}"
EndProject
Global
	GlobalSection(SolutionConfigurationPlatforms) = preSolution
		Debug|Any CPU = Debug|Any CPU
		Release|Any CPU = Release|Any CPU
	EndGlobalSection
	GlobalSection(ProjectConfigurationPlatforms) = postSolution
		{DC473B53-AC83-4A5D-B471-AA4193232B18}.Debug|Any CPU.ActiveCfg = Debug|Any CPU
		{DC473B53-AC83-4A5D-B471-AA4193232B18}.Debug|Any CPU.Build.0 = Debug|Any CPU
		{DC473B53-AC83-4A5D-B471-AA4193232B18}.Release|Any CPU.ActiveCfg = Release|Any CPU
		{DC473B53-AC83-4A5D-B471-AA4193232B18}.Release|Any CPU.Build.0 = Release|Any CPU
	EndGlobalSection
	GlobalSection(SolutionProperties) = preSolution
		HideSolutionNode = FALSE
	EndGlobalSection
	GlobalSection(ExtensibilityGlobals) = postSolution
		SolutionGuid = {CAC1DAB7-A6FA-4248-9D63-2744DC3696D0}
	EndGlobalSection
EndGlobal
